
Microsoft Visual Studio Solution File, Format Version 12.00
# Visual Studio Version 17
VisualStudioVersion = 17.7.34031.279
MinimumVisualStudioVersion = 10.0.40219.1
Project("{FAE04EC0-301F-11D3-BF4B-00C04F79EFBC}") = "Loops3", "Loops3\Loops3.csproj", "{08FC98E3-D1B1-44C7-810C-32BE11311480}"
EndProject
Global
	GlobalSection(SolutionConfigurationPlatforms) = preSolution
		Debug|Any CPU = Debug|Any CPU
		Release|Any CPU = Release|Any CPU
	EndGlobalSection
	GlobalSection(ProjectConfigurationPlatforms) = postSolution
		{08FC98E3-D1B1-44C7-810C-32BE11311480}.Debug|Any CPU.ActiveCfg = Debug|Any CPU
		{08FC98E3-D1B1-44C7-810C-32BE11311480}.Debug|Any CPU.Build.0 = Debug|Any CPU
		{08FC98E3-D1B1-44C7-810C-32BE11311480}.Release|Any CPU.ActiveCfg = Release|Any CPU
		{08FC98E3-D1B1-44C7-810C-32BE11311480}.Release|Any CPU.Build.0 = Release|Any CPU
	EndGlobalSection
	GlobalSection(SolutionProperties) = preSolution
		HideSolutionNode = FALSE
	EndGlobalSection
	GlobalSection(ExtensibilityGlobals) = postSolution
		SolutionGuid = {9A0BE25D-A942-49BB-9457-0C1306B02395}
	EndGlobalSection
EndGlobal
